// !$*UTF8*$!
{
	archiveVersion = 1;
	classes = {
	};
	objectVersion = 46;
	objects = {

/* Begin PBXBuildFile section */
		8486D93C1D3AB000009D529D /* AppDelegate.swift in Sources */ = {isa = PBXBuildFile; fileRef = 8486D93B1D3AB000009D529D /* AppDelegate.swift */; };
		8486D93E1D3AB000009D529D /* ViewController.swift in Sources */ = {isa = PBXBuildFile; fileRef = 8486D93D1D3AB000009D529D /* ViewController.swift */; };
		8486D9411D3AB000009D529D /* Main.storyboard in Resources */ = {isa = PBXBuildFile; fileRef = 8486D93F1D3AB000009D529D /* Main.storyboard */; };
		8486D9431D3AB000009D529D /* Assets.xcassets in Resources */ = {isa = PBXBuildFile; fileRef = 8486D9421D3AB000009D529D /* Assets.xcassets */; };
		8486D9461D3AB000009D529D /* LaunchScreen.storyboard in Resources */ = {isa = PBXBuildFile; fileRef = 8486D9441D3AB000009D529D /* LaunchScreen.storyboard */; };
/* End PBXBuildFile section */

/* Begin PBXFileReference section */
		8486D9381D3AB000009D529D /* githubdemo.app */ = {isa = PBXFileReference; explicitFileType = wrapper.application; includeInIndex = 0; path = githubdemo.app; sourceTree = BUILT_PRODUCTS_DIR; };
		8486D93B1D3AB000009D529D /* AppDelegate.swift */ = {isa = PBXFileReference; lastKnownFileType = sourcecode.swift; path = AppDelegate.swift; sourceTree = "<group>"; };
		8486D93D1D3AB000009D529D /* ViewController.swift */ = {isa = PBXFileReference; lastKnownFileType = sourcecode.swift; path = ViewController.swift; sourceTree = "<group>"; };
		8486D9401D3AB000009D529D /* Base */ = {isa = PBXFileReference; lastKnownFileType = file.storyboard; name = Base; path = Base.lproj/Main.storyboard; sourceTree = "<group>"; };
		8486D9421D3AB000009D529D /* Assets.xcassets */ = {isa = PBXFileReference; lastKnownFileType = folder.assetcatalog; path = Assets.xcassets; sourceTree = "<group>"; };
		8486D9451D3AB000009D529D /* Base */ = {isa = PBXFileReference; lastKnownFileType = file.storyboard; name = Base; path = Base.lproj/LaunchScreen.storyboard; sourceTree = "<group>"; };
		8486D9471D3AB000009D529D /* Info.plist */ = {isa = PBXFileReference; lastKnownFileType = text.plist.xml; path = Info.plist; sourceTree = "<group>"; };
/* End PBXFileReference section */

/* Begin PBXFrameworksBuildPhase section */
		8486D9351D3AB000009D529D /* Frameworks */ = {
			isa = PBXFrameworksBuildPhase;
			buildActionMask = 2147483647;
			files = (
			);
			runOnlyForDeploymentPostprocessing = 0;
		};
/* End PBXFrameworksBuildPhase section */

/* Begin PBXGroup section */
		8486D92F1D3AB000009D529D = {
			isa = PBXGroup;
			children = (
				8486D93A1D3AB000009D529D /* githubdemo */,
				8486D9391D3AB000009D529D /* Products */,
			);
			sourceTree = "<group>";
		};
		8486D9391D3AB000009D529D /* Products */ = {
			isa = PBXGroup;
			children = (
				8486D9381D3AB000009D529D /* githubdemo.app */,
			);
			name = Products;
			sourceTree = "<group>";
		};
		8486D93A1D3AB000009D529D /* githubdemo */ = {
			isa = PBXGroup;
			children = (
				8486D93B1D3AB000009D529D /* AppDelegate.swift */,
				8486D93D1D3AB000009D529D /* ViewController.swift */,
				8486D93F1D3AB000009D529D /* Main.storyboard */,
				8486D9421D3AB000009D529D /* Assets.xcassets */,
				8486D9441D3AB000009D529D /* LaunchScreen.storyboard */,
				8486D9471D3AB000009D529D /* Info.plist */,
			);
			path = githubdemo;
			sourceTree = "<group>";
		};
/* End PBXGroup section */

/* Begin PBXNativeTarget section */
		8486D9371D3AB000009D529D /* githubdemo */ = {
			isa = PBXNativeTarget;
			buildConfigurationList = 8486D94A1D3AB000009D529D /* Build configuration list for PBXNativeTarget "githubdemo" */;
			buildPhases = (
				8486D9341D3AB000009D529D /* Sources */,
				8486D9351D3AB000009D529D /* Frameworks */,
				8486D9361D3AB000009D529D /* Resources */,
			);
			buildRules = (
			);
			dependencies = (
			);
			name = githubdemo;
			productName = githubdemo;
			productReference = 8486D9381D3AB000009D529D /* githubdemo.app */;
			productType = "com.apple.product-type.application";
		};
/* End PBXNativeTarget section */

/* Begin PBXProject section */
		8486D9301D3AB000009D529D /* Project object */ = {
			isa = PBXProject;
			attributes = {
				LastSwiftUpdateCheck = 0730;
				LastUpgradeCheck = 0730;
				ORGANIZATIONNAME = Admin;
				TargetAttributes = {
					8486D9371D3AB000009D529D = {
						CreatedOnToolsVersion = 7.3.1;
						DevelopmentTeam = 8YC24P32G9;
					};
				};
			};
			buildConfigurationList = 8486D9331D3AB000009D529D /* Build configuration list for PBXProject "githubdemo" */;
			compatibilityVersion = "Xcode 3.2";
			developmentRegion = English;
			hasScannedForEncodings = 0;
			knownRegions = (
				en,
				Base,
			);
			mainGroup = 8486D92F1D3AB000009D529D;
			productRefGroup = 8486D9391D3AB000009D529D /* Products */;
			projectDirPath = "";
			projectRoot = "";
			targets = (
				8486D9371D3AB000009D529D /* githubdemo */,
			);
		};
/* End PBXProject section */

/* Begin PBXResourcesBuildPhase section */
		8486D9361D3AB000009D529D /* Resources */ = {
			isa = PBXResourcesBuildPhase;
			buildActionMask = 2147483647;
			files = (
				8486D9461D3AB000009D529D /* LaunchScreen.storyboard in Resources */,
				8486D9431D3AB000009D529D /* Assets.xcassets in Resources */,
				8486D9411D3AB000009D529D /* Main.storyboard in Resources */,
			);
			runOnlyForDeploymentPostprocessing = 0;
		};
/* End PBXResourcesBuildPhase section */

/* Begin PBXSourcesBuildPhase section */
		8486D9341D3AB000009D529D /* Sources */ = {
			isa = PBXSourcesBuildPhase;
			buildActionMask = 2147483647;
			files = (
				8486D93E1D3AB000009D529D /* ViewController.swift in Sources */,
				8486D93C1D3AB000009D529D /* AppDelegate.swift in Sources */,
			);
			runOnlyForDeploymentPostprocessing = 0;
		};
/* End PBXSourcesBuildPhase section */

/* Begin PBXVariantGroup section */
		8486D93F1D3AB000009D529D /* Main.storyboard */ = {
			isa = PBXVariantGroup;
			children = (
				8486D9401D3AB000009D529D /* Base */,
			);
			name = Main.storyboard;
			sourceTree = "<group>";
		};
		8486D9441D3AB000009D529D /* LaunchScreen.storyboard */ = {
			isa = PBXVariantGroup;
			children = (
				8486D9451D3AB000009D529D /* Base */,
			);
			name = LaunchScreen.storyboard;
			sourceTree = "<group>";
		};
/* End PBXVariantGroup section */

/* Begin XCBuildConfiguration section */
		8486D9481D3AB000009D529D /* Debug */ = {
			isa = XCBuildConfiguration;
			buildSettings = {
				ALWAYS_SEARCH_USER_PATHS = NO;
				CLANG_ANALYZER_NONNULL = YES;
				CLANG_CXX_LANGUAGE_STANDARD = "gnu++0x";
				CLANG_CXX_LIBRARY = "libc++";
				CLANG_ENABLE_MODULES = YES;
				CLANG_ENABLE_OBJC_ARC = YES;
				CLANG_WARN_BOOL_CONVERSION = YES;
				CLANG_WARN_CONSTANT_CONVERSION = YES;
				CLANG_WARN_DIRECT_OBJC_ISA_USAGE = YES_ERROR;
				CLANG_WARN_EMPTY_BODY = YES;
				CLANG_WARN_ENUM_CONVERSION = YES;
				CLANG_WARN_INT_CONVERSION = YES;
				CLANG_WARN_OBJC_ROOT_CLASS = YES_ERROR;
				CLANG_WARN_UNREACHABLE_CODE = YES;
				CLANG_WARN__DUPLICATE_METHOD_MATCH = YES;
				"CODE_SIGN_IDENTITY[sdk=iphoneos*]" = "iPhone Developer";
				COPY_PHASE_STRIP = NO;
				DEBUG_INFORMATION_FORMAT = dwarf;
				ENABLE_STRICT_OBJC_MSGSEND = YES;
				ENABLE_TESTABILITY = YES;
				GCC_C_LANGUAGE_STANDARD = gnu99;
				GCC_DYNAMIC_NO_PIC = NO;
				GCC_NO_COMMON_BLOCKS = YES;
				GCC_OPTIMIZATION_LEVEL = 0;
				GCC_PREPROCESSOR_DEFINITIONS = (
					"DEBUG=1",
					"$(inherited)",
				);
				GCC_WARN_64_TO_32_BIT_CONVERSION = YES;
				GCC_WARN_ABOUT_RETURN_TYPE = YES_ERROR;
				GCC_WARN_UNDECLARED_SELECTOR = YES;
				GCC_WARN_UNINITIALIZED_AUTOS = YES_AGGRESSIVE;
				GCC_WARN_UNUSED_FUNCTION = YES;
				GCC_WARN_UNUSED_VARIABLE = YES;
				IPHONEOS_DEPLOYMENT_TARGET = 9.3;
				MTL_ENABLE_DEBUG_INFO = YES;
				ONLY_ACTIVE_ARCH = YES;
				SDKROOT = iphoneos;
				SWIFT_OPTIMIZATION_LEVEL = "-Onone";
			};
			name = Debug;
		};
		8486D9491D3AB000009D529D /* Release */ = {
			isa = XCBuildConfiguration;
			buildSettings = {
				ALWAYS_SEARCH_USER_PATHS = NO;
				CLANG_ANALYZER_NONNULL = YES;
				CLANG_CXX_LANGUAGE_STANDARD = "gnu++0x";
				CLANG_CXX_LIBRARY = "libc++";
				CLANG_ENABLE_MODULES = YES;
				CLANG_ENABLE_OBJC_ARC = YES;
				CLANG_WARN_BOOL_CONVERSION = YES;
				CLANG_WARN_CONSTANT_CONVERSION = YES;
				CLANG_WARN_DIRECT_OBJC_ISA_USAGE = YES_ERROR;
				CLANG_WARN_EMPTY_BODY = YES;
				CLANG_WARN_ENUM_CONVERSION = YES;
				CLANG_WARN_INT_CONVERSION = YES;
				CLANG_WARN_OBJC_ROOT_CLASS = YES_ERROR;
				CLANG_WARN_UNREACHABLE_CODE = YES;
				CLANG_WARN__DUPLICATE_METHOD_MATCH = YES;
				"CODE_SIGN_IDENTITY[sdk=iphoneos*]" = "iPhone Developer";
				COPY_PHASE_STRIP = NO;
				DEBUG_INFORMATION_FORMAT = "dwarf-with-dsym";
				ENABLE_NS_ASSERTIONS = NO;
				ENABLE_STRICT_OBJC_MSGSEND = YES;
				GCC_C_LANGUAGE_STANDARD = gnu99;
				GCC_NO_COMMON_BLOCKS = YES;
				GCC_WARN_64_TO_32_BIT_CONVERSION = YES;
				GCC_WARN_ABOUT_RETURN_TYPE = YES_ERROR;
				GCC_WARN_UNDECLARED_SELECTOR = YES;
				GCC_WARN_UNINITIALIZED_AUTOS = YES_AGGRESSIVE;
				GCC_WARN_UNUSED_FUNCTION = YES;
				GCC_WARN_UNUSED_VARIABLE = YES;
				IPHONEOS_DEPLOYMENT_TARGET = 9.3;
				MTL_ENABLE_DEBUG_INFO = NO;
				SDKROOT = iphoneos;
				VALIDATE_PRODUCT = YES;
			};
			name = Release;
		};
		8486D94B1D3AB000009D529D /* Debug */ = {
			isa = XCBuildConfiguration;
			buildSettings = {
				ASSETCATALOG_COMPILER_APPICON_NAME = AppIcon;
				INFOPLIST_FILE = githubdemo/Info.plist;
				LD_RUNPATH_SEARCH_PATHS = "$(inherited) @executable_path/Frameworks";
				PRODUCT_BUNDLE_IDENTIFIER = abinash646.githubdemo;
				PRODUCT_NAME = "$(TARGET_NAME)";
			};
			name = Debug;
		};
		8486D94C1D3AB000009D529D /* Release */ = {
			isa = XCBuildConfiguration;
			buildSettings = {
				ASSETCATALOG_COMPILER_APPICON_NAME = AppIcon;
				INFOPLIST_FILE = githubdemo/Info.plist;
				LD_RUNPATH_SEARCH_PATHS = "$(inherited) @executable_path/Frameworks";
				PRODUCT_BUNDLE_IDENTIFIER = abinash646.githubdemo;
				PRODUCT_NAME = "$(TARGET_NAME)";
			};
			name = Release;
		};
/* End XCBuildConfiguration section */

/* Begin XCConfigurationList section */
		8486D9331D3AB000009D529D /* Build configuration list for PBXProject "githubdemo" */ = {
			isa = XCConfigurationList;
			buildConfigurations = (
				8486D9481D3AB000009D529D /* Debug */,
				8486D9491D3AB000009D529D /* Release */,
			);
			defaultConfigurationIsVisible = 0;
			defaultConfigurationName = Release;
		};
		8486D94A1D3AB000009D529D /* Build configuration list for PBXNativeTarget "githubdemo" */ = {
			isa = XCConfigurationList;
			buildConfigurations = (
				8486D94B1D3AB000009D529D /* Debug */,
				8486D94C1D3AB000009D529D /* Release */,
			);
			defaultConfigurationIsVisible = 0;
		};
/* End XCConfigurationList section */
	};
	rootObject = 8486D9301D3AB000009D529D /* Project object */;
}
